# This file is autogenerated, do not edit; changes may be undone by the next 'dep ensure'.


[[projects]]
  digest = "1:1c1733e3e19264ed5a8b82fdc4c21dfe80c37d5542197055c769a55bbc8db97c"
  name = "github.com/qiniu/checkstyle"
  packages = [
    ".",
    "gocheckstyle",
  ]
  pruneopts = "UT"
  revision = "619193891884300d312fb939a834e299ca740d59"
  version = "v0.082"

[solve-meta]
  analyzer-name = "dep"
  analyzer-version = 1
  input-imports = ["github.com/qiniu/checkstyle/gocheckstyle"]
  solver-name = "gps-cdcl"
  solver-version = 1
